<?xml version="1.0" encoding="UTF-8"?>
<!DOCTYPE plist PUBLIC "-//Apple//DTD PLIST 1.0//EN" "http://www.apple.com/DTDs/PropertyList-1.0.dtd">
<plist version="1.0">
<dict>
	<key>archiveVersion</key>
	<string>1</string>
	<key>classes</key>
	<dict/>
	<key>objectVersion</key>
	<string>46</string>
	<key>objects</key>
	<dict>
		<key>00EAE85D02DA1823D5B93BAE</key>
		<dict>
			<key>children</key>
			<array>
				<string>B0A795210653DC2A57318019</string>
				<string>A9FCA56FABE39C3EEBA49E7A</string>
			</array>
			<key>isa</key>
			<string>PBXGroup</string>
			<key>name</key>
			<string>Pods</string>
			<key>sourceTree</key>
			<string>&lt;group&gt;</string>
		</dict>
		<key>0E90CB1DFB09C6DC22EFD414</key>
		<dict>
			<key>buildActionMask</key>
			<string>2147483647</string>
			<key>files</key>
			<array/>
			<key>inputPaths</key>
			<array/>
			<key>isa</key>
			<string>PBXShellScriptBuildPhase</string>
			<key>name</key>
			<string>Check Pods Manifest.lock</string>
			<key>outputPaths</key>
			<array/>
			<key>runOnlyForDeploymentPostprocessing</key>
			<string>0</string>
			<key>shellPath</key>
			<string>/bin/sh</string>
			<key>shellScript</key>
			<string>diff "${PODS_ROOT}/../Podfile.lock" "${PODS_ROOT}/Manifest.lock" &gt; /dev/null
if [[ $? != 0 ]] ; then
    cat &lt;&lt; EOM
error: The sandbox is not in sync with the Podfile.lock. Run 'pod install' or update your CocoaPods installation.
EOM
    exit 1
fi
</string>
			<key>showEnvVarsInLog</key>
			<string>0</string>
		</dict>
		<key>4F0E0438DCB164AC8766734C</key>
		<dict>
			<key>children</key>
			<array>
				<string>FCC65AEB5C95A6E58AE44505</string>
			</array>
			<key>isa</key>
			<string>PBXGroup</string>
			<key>name</key>
			<string>Frameworks</string>
			<key>sourceTree</key>
			<string>&lt;group&gt;</string>
		</dict>
		<key>7033053C725F4EE8CE1ED08A</key>
		<dict>
			<key>fileRef</key>
			<string>FCC65AEB5C95A6E58AE44505</string>
			<key>isa</key>
			<string>PBXBuildFile</string>
		</dict>
		<key>7C5834562FE136F2D1D54DF4</key>
		<dict>
			<key>buildActionMask</key>
			<string>2147483647</string>
			<key>files</key>
			<array/>
			<key>inputPaths</key>
			<array/>
			<key>isa</key>
			<string>PBXShellScriptBuildPhase</string>
			<key>name</key>
			<string>Copy Pods Resources</string>
			<key>outputPaths</key>
			<array/>
			<key>runOnlyForDeploymentPostprocessing</key>
			<string>0</string>
			<key>shellPath</key>
			<string>/bin/sh</string>
			<key>shellScript</key>
			<string>"${SRCROOT}/Pods/Target Support Files/Pods/Pods-resources.sh"
</string>
			<key>showEnvVarsInLog</key>
			<string>0</string>
		</dict>
		<key>A9FCA56FABE39C3EEBA49E7A</key>
		<dict>
			<key>includeInIndex</key>
			<string>1</string>
			<key>isa</key>
			<string>PBXFileReference</string>
			<key>lastKnownFileType</key>
			<string>text.xcconfig</string>
			<key>name</key>
			<string>Pods.release.xcconfig</string>
			<key>path</key>
			<string>Pods/Target Support Files/Pods/Pods.release.xcconfig</string>
			<key>sourceTree</key>
			<string>&lt;group&gt;</string>
		</dict>
		<key>B0A795210653DC2A57318019</key>
		<dict>
			<key>includeInIndex</key>
			<string>1</string>
			<key>isa</key>
			<string>PBXFileReference</string>
			<key>lastKnownFileType</key>
			<string>text.xcconfig</string>
			<key>name</key>
			<string>Pods.debug.xcconfig</string>
			<key>path</key>
			<string>Pods/Target Support Files/Pods/Pods.debug.xcconfig</string>
			<key>sourceTree</key>
			<string>&lt;group&gt;</string>
		</dict>
		<key>FA285A9E1ABE46EB004E9036</key>
		<dict>
			<key>children</key>
			<array>
				<string>FA285AA91ABE46EB004E9036</string>
				<string>FA285AC31ABE46EB004E9036</string>
				<string>FA285AA81ABE46EB004E9036</string>
				<string>00EAE85D02DA1823D5B93BAE</string>
				<string>4F0E0438DCB164AC8766734C</string>
			</array>
			<key>isa</key>
			<string>PBXGroup</string>
			<key>sourceTree</key>
			<string>&lt;group&gt;</string>
		</dict>
		<key>FA285A9F1ABE46EB004E9036</key>
		<dict>
			<key>attributes</key>
			<dict>
				<key>LastUpgradeCheck</key>
				<string>0620</string>
				<key>ORGANIZATIONNAME</key>
				<string>com.skorulis</string>
				<key>TargetAttributes</key>
				<dict>
					<key>FA285AA61ABE46EB004E9036</key>
					<dict>
						<key>CreatedOnToolsVersion</key>
						<string>6.2</string>
					</dict>
					<key>FA285ABF1ABE46EB004E9036</key>
					<dict>
						<key>CreatedOnToolsVersion</key>
						<string>6.2</string>
						<key>TestTargetID</key>
						<string>FA285AA61ABE46EB004E9036</string>
					</dict>
				</dict>
			</dict>
			<key>buildConfigurationList</key>
			<string>FA285AA21ABE46EB004E9036</string>
			<key>compatibilityVersion</key>
			<string>Xcode 3.2</string>
			<key>developmentRegion</key>
			<string>English</string>
			<key>hasScannedForEncodings</key>
			<string>0</string>
			<key>isa</key>
			<string>PBXProject</string>
			<key>knownRegions</key>
			<array>
				<string>en</string>
				<string>Base</string>
			</array>
			<key>mainGroup</key>
			<string>FA285A9E1ABE46EB004E9036</string>
			<key>productRefGroup</key>
			<string>FA285AA81ABE46EB004E9036</string>
			<key>projectDirPath</key>
			<string></string>
			<key>projectReferences</key>
			<array/>
			<key>projectRoot</key>
			<string></string>
			<key>targets</key>
			<array>
				<string>FA285AA61ABE46EB004E9036</string>
				<string>FA285ABF1ABE46EB004E9036</string>
			</array>
		</dict>
		<key>FA285AA21ABE46EB004E9036</key>
		<dict>
			<key>buildConfigurations</key>
			<array>
				<string>FA285AC81ABE46EB004E9036</string>
				<string>FA285AC91ABE46EB004E9036</string>
			</array>
			<key>defaultConfigurationIsVisible</key>
			<string>0</string>
			<key>defaultConfigurationName</key>
			<string>Release</string>
			<key>isa</key>
			<string>XCConfigurationList</string>
		</dict>
		<key>FA285AA31ABE46EB004E9036</key>
		<dict>
			<key>buildActionMask</key>
			<string>2147483647</string>
			<key>files</key>
			<array>
				<string>FA285AB31ABE46EB004E9036</string>
				<string>FA285AB01ABE46EB004E9036</string>
				<string>FA285AAD1ABE46EB004E9036</string>
			</array>
			<key>isa</key>
			<string>PBXSourcesBuildPhase</string>
			<key>runOnlyForDeploymentPostprocessing</key>
			<string>0</string>
		</dict>
		<key>FA285AA41ABE46EB004E9036</key>
		<dict>
			<key>buildActionMask</key>
			<string>2147483647</string>
			<key>files</key>
			<array>
				<string>7033053C725F4EE8CE1ED08A</string>
			</array>
			<key>isa</key>
			<string>PBXFrameworksBuildPhase</string>
			<key>runOnlyForDeploymentPostprocessing</key>
			<string>0</string>
		</dict>
		<key>FA285AA51ABE46EB004E9036</key>
		<dict>
			<key>buildActionMask</key>
			<string>2147483647</string>
			<key>files</key>
			<array>
				<string>FA285ABB1ABE46EB004E9036</string>
				<string>FA285AB81ABE46EB004E9036</string>
			</array>
			<key>isa</key>
			<string>PBXResourcesBuildPhase</string>
			<key>runOnlyForDeploymentPostprocessing</key>
			<string>0</string>
		</dict>
		<key>FA285AA61ABE46EB004E9036</key>
		<dict>
			<key>buildConfigurationList</key>
			<string>FA285ACA1ABE46EB004E9036</string>
			<key>buildPhases</key>
			<array>
				<string>0E90CB1DFB09C6DC22EFD414</string>
				<string>FA285AA31ABE46EB004E9036</string>
				<string>FA285AA41ABE46EB004E9036</string>
				<string>FA285AA51ABE46EB004E9036</string>
				<string>7C5834562FE136F2D1D54DF4</string>
			</array>
			<key>buildRules</key>
			<array/>
			<key>dependencies</key>
			<array/>
			<key>isa</key>
			<string>PBXNativeTarget</string>
			<key>name</key>
			<string>echo-stress-test</string>
			<key>productName</key>
			<string>echo-stress-test</string>
			<key>productReference</key>
			<string>FA285AA71ABE46EB004E9036</string>
			<key>productType</key>
			<string>com.apple.product-type.application</string>
		</dict>
		<key>FA285AA71ABE46EB004E9036</key>
		<dict>
			<key>explicitFileType</key>
			<string>wrapper.application</string>
			<key>includeInIndex</key>
			<string>0</string>
			<key>isa</key>
			<string>PBXFileReference</string>
			<key>path</key>
			<string>echo-stress-test.app</string>
			<key>sourceTree</key>
			<string>BUILT_PRODUCTS_DIR</string>
		</dict>
		<key>FA285AA81ABE46EB004E9036</key>
		<dict>
			<key>children</key>
			<array>
				<string>FA285AA71ABE46EB004E9036</string>
				<string>FA285AC01ABE46EB004E9036</string>
			</array>
			<key>isa</key>
			<string>PBXGroup</string>
			<key>name</key>
			<string>Products</string>
			<key>sourceTree</key>
			<string>&lt;group&gt;</string>
		</dict>
		<key>FA285AA91ABE46EB004E9036</key>
		<dict>
			<key>children</key>
			<array>
				<string>FA285AAE1ABE46EB004E9036</string>
				<string>FA285AAF1ABE46EB004E9036</string>
				<string>FA285AB11ABE46EB004E9036</string>
				<string>FA285AB21ABE46EB004E9036</string>
				<string>FA285AB71ABE46EB004E9036</string>
				<string>FA285AB91ABE46EB004E9036</string>
				<string>FA285AAA1ABE46EB004E9036</string>
			</array>
			<key>isa</key>
			<string>PBXGroup</string>
			<key>path</key>
			<string>echo-stress-test</string>
			<key>sourceTree</key>
			<string>&lt;group&gt;</string>
		</dict>
		<key>FA285AAA1ABE46EB004E9036</key>
		<dict>
			<key>children</key>
			<array>
				<string>FA285AAB1ABE46EB004E9036</string>
				<string>FA285AAC1ABE46EB004E9036</string>
			</array>
			<key>isa</key>
			<string>PBXGroup</string>
			<key>name</key>
			<string>Supporting Files</string>
			<key>sourceTree</key>
			<string>&lt;group&gt;</string>
		</dict>
		<key>FA285AAB1ABE46EB004E9036</key>
		<dict>
			<key>isa</key>
			<string>PBXFileReference</string>
			<key>lastKnownFileType</key>
			<string>text.plist.xml</string>
			<key>path</key>
			<string>Info.plist</string>
			<key>sourceTree</key>
			<string>&lt;group&gt;</string>
		</dict>
		<key>FA285AAC1ABE46EB004E9036</key>
		<dict>
			<key>isa</key>
			<string>PBXFileReference</string>
			<key>lastKnownFileType</key>
			<string>sourcecode.c.objc</string>
			<key>path</key>
			<string>main.m</string>
			<key>sourceTree</key>
			<string>&lt;group&gt;</string>
		</dict>
		<key>FA285AAD1ABE46EB004E9036</key>
		<dict>
			<key>fileRef</key>
			<string>FA285AAC1ABE46EB004E9036</string>
			<key>isa</key>
			<string>PBXBuildFile</string>
		</dict>
		<key>FA285AAE1ABE46EB004E9036</key>
		<dict>
			<key>isa</key>
			<string>PBXFileReference</string>
			<key>lastKnownFileType</key>
			<string>sourcecode.c.h</string>
			<key>path</key>
			<string>AppDelegate.h</string>
			<key>sourceTree</key>
			<string>&lt;group&gt;</string>
		</dict>
		<key>FA285AAF1ABE46EB004E9036</key>
		<dict>
			<key>isa</key>
			<string>PBXFileReference</string>
			<key>lastKnownFileType</key>
			<string>sourcecode.c.objc</string>
			<key>path</key>
			<string>AppDelegate.m</string>
			<key>sourceTree</key>
			<string>&lt;group&gt;</string>
		</dict>
		<key>FA285AB01ABE46EB004E9036</key>
		<dict>
			<key>fileRef</key>
			<string>FA285AAF1ABE46EB004E9036</string>
			<key>isa</key>
			<string>PBXBuildFile</string>
		</dict>
		<key>FA285AB11ABE46EB004E9036</key>
		<dict>
			<key>isa</key>
			<string>PBXFileReference</string>
			<key>lastKnownFileType</key>
			<string>sourcecode.c.h</string>
			<key>path</key>
			<string>ViewController.h</string>
			<key>sourceTree</key>
			<string>&lt;group&gt;</string>
		</dict>
		<key>FA285AB21ABE46EB004E9036</key>
		<dict>
			<key>isa</key>
			<string>PBXFileReference</string>
			<key>lastKnownFileType</key>
			<string>sourcecode.c.objc</string>
			<key>path</key>
			<string>ViewController.m</string>
			<key>sourceTree</key>
			<string>&lt;group&gt;</string>
		</dict>
		<key>FA285AB31ABE46EB004E9036</key>
		<dict>
			<key>fileRef</key>
			<string>FA285AB21ABE46EB004E9036</string>
			<key>isa</key>
			<string>PBXBuildFile</string>
		</dict>
		<key>FA285AB71ABE46EB004E9036</key>
		<dict>
			<key>isa</key>
			<string>PBXFileReference</string>
			<key>lastKnownFileType</key>
			<string>folder.assetcatalog</string>
			<key>path</key>
			<string>Images.xcassets</string>
			<key>sourceTree</key>
			<string>&lt;group&gt;</string>
		</dict>
		<key>FA285AB81ABE46EB004E9036</key>
		<dict>
			<key>fileRef</key>
			<string>FA285AB71ABE46EB004E9036</string>
			<key>isa</key>
			<string>PBXBuildFile</string>
		</dict>
		<key>FA285AB91ABE46EB004E9036</key>
		<dict>
			<key>children</key>
			<array>
				<string>FA285ABA1ABE46EB004E9036</string>
			</array>
			<key>isa</key>
			<string>PBXVariantGroup</string>
			<key>name</key>
			<string>LaunchScreen.xib</string>
			<key>sourceTree</key>
			<string>&lt;group&gt;</string>
		</dict>
		<key>FA285ABA1ABE46EB004E9036</key>
		<dict>
			<key>isa</key>
			<string>PBXFileReference</string>
			<key>lastKnownFileType</key>
			<string>file.xib</string>
			<key>name</key>
			<string>Base</string>
			<key>path</key>
			<string>Base.lproj/LaunchScreen.xib</string>
			<key>sourceTree</key>
			<string>&lt;group&gt;</string>
		</dict>
		<key>FA285ABB1ABE46EB004E9036</key>
		<dict>
			<key>fileRef</key>
			<string>FA285AB91ABE46EB004E9036</string>
			<key>isa</key>
			<string>PBXBuildFile</string>
		</dict>
		<key>FA285ABC1ABE46EB004E9036</key>
		<dict>
			<key>buildActionMask</key>
			<string>2147483647</string>
			<key>files</key>
			<array>
				<string>FA285AC71ABE46EB004E9036</string>
			</array>
			<key>isa</key>
			<string>PBXSourcesBuildPhase</string>
			<key>runOnlyForDeploymentPostprocessing</key>
			<string>0</string>
		</dict>
		<key>FA285ABD1ABE46EB004E9036</key>
		<dict>
			<key>buildActionMask</key>
			<string>2147483647</string>
			<key>files</key>
			<array/>
			<key>isa</key>
			<string>PBXFrameworksBuildPhase</string>
			<key>runOnlyForDeploymentPostprocessing</key>
			<string>0</string>
		</dict>
		<key>FA285ABE1ABE46EB004E9036</key>
		<dict>
			<key>buildActionMask</key>
			<string>2147483647</string>
			<key>files</key>
			<array/>
			<key>isa</key>
			<string>PBXResourcesBuildPhase</string>
			<key>runOnlyForDeploymentPostprocessing</key>
			<string>0</string>
		</dict>
		<key>FA285ABF1ABE46EB004E9036</key>
		<dict>
			<key>buildConfigurationList</key>
			<string>FA285ACD1ABE46EB004E9036</string>
			<key>buildPhases</key>
			<array>
				<string>FA285ABC1ABE46EB004E9036</string>
				<string>FA285ABD1ABE46EB004E9036</string>
				<string>FA285ABE1ABE46EB004E9036</string>
			</array>
			<key>buildRules</key>
			<array/>
			<key>dependencies</key>
			<array>
				<string>FA285AC21ABE46EB004E9036</string>
			</array>
			<key>isa</key>
			<string>PBXNativeTarget</string>
			<key>name</key>
			<string>echo-stress-testTests</string>
			<key>productName</key>
			<string>echo-stress-testTests</string>
			<key>productReference</key>
			<string>FA285AC01ABE46EB004E9036</string>
			<key>productType</key>
			<string>com.apple.product-type.bundle.unit-test</string>
		</dict>
		<key>FA285AC01ABE46EB004E9036</key>
		<dict>
			<key>explicitFileType</key>
			<string>wrapper.cfbundle</string>
			<key>includeInIndex</key>
			<string>0</string>
			<key>isa</key>
			<string>PBXFileReference</string>
			<key>path</key>
			<string>echo-stress-testTests.xctest</string>
			<key>sourceTree</key>
			<string>BUILT_PRODUCTS_DIR</string>
		</dict>
		<key>FA285AC11ABE46EB004E9036</key>
		<dict>
			<key>containerPortal</key>
			<string>FA285A9F1ABE46EB004E9036</string>
			<key>isa</key>
			<string>PBXContainerItemProxy</string>
			<key>proxyType</key>
			<string>1</string>
			<key>remoteGlobalIDString</key>
			<string>FA285AA61ABE46EB004E9036</string>
			<key>remoteInfo</key>
			<string>echo-stress-test</string>
		</dict>
		<key>FA285AC21ABE46EB004E9036</key>
		<dict>
			<key>isa</key>
			<string>PBXTargetDependency</string>
			<key>target</key>
			<string>FA285AA61ABE46EB004E9036</string>
			<key>targetProxy</key>
			<string>FA285AC11ABE46EB004E9036</string>
		</dict>
		<key>FA285AC31ABE46EB004E9036</key>
		<dict>
			<key>children</key>
			<array>
				<string>FA285AC61ABE46EB004E9036</string>
				<string>FA285AC41ABE46EB004E9036</string>
			</array>
			<key>isa</key>
			<string>PBXGroup</string>
			<key>path</key>
			<string>echo-stress-testTests</string>
			<key>sourceTree</key>
			<string>&lt;group&gt;</string>
		</dict>
		<key>FA285AC41ABE46EB004E9036</key>
		<dict>
			<key>children</key>
			<array>
				<string>FA285AC51ABE46EB004E9036</string>
			</array>
			<key>isa</key>
			<string>PBXGroup</string>
			<key>name</key>
			<string>Supporting Files</string>
			<key>sourceTree</key>
			<string>&lt;group&gt;</string>
		</dict>
		<key>FA285AC51ABE46EB004E9036</key>
		<dict>
			<key>isa</key>
			<string>PBXFileReference</string>
			<key>lastKnownFileType</key>
			<string>text.plist.xml</string>
			<key>path</key>
			<string>Info.plist</string>
			<key>sourceTree</key>
			<string>&lt;group&gt;</string>
		</dict>
		<key>FA285AC61ABE46EB004E9036</key>
		<dict>
			<key>isa</key>
			<string>PBXFileReference</string>
			<key>lastKnownFileType</key>
			<string>sourcecode.c.objc</string>
			<key>path</key>
			<string>echo_stress_testTests.m</string>
			<key>sourceTree</key>
			<string>&lt;group&gt;</string>
		</dict>
		<key>FA285AC71ABE46EB004E9036</key>
		<dict>
			<key>fileRef</key>
			<string>FA285AC61ABE46EB004E9036</string>
			<key>isa</key>
			<string>PBXBuildFile</string>
		</dict>
		<key>FA285AC81ABE46EB004E9036</key>
		<dict>
			<key>buildSettings</key>
			<dict>
				<key>ALWAYS_SEARCH_USER_PATHS</key>
				<string>NO</string>
				<key>CLANG_CXX_LANGUAGE_STANDARD</key>
				<string>gnu++0x</string>
				<key>CLANG_CXX_LIBRARY</key>
				<string>libc++</string>
				<key>CLANG_ENABLE_MODULES</key>
				<string>YES</string>
				<key>CLANG_ENABLE_OBJC_ARC</key>
				<string>YES</string>
				<key>CLANG_WARN_BOOL_CONVERSION</key>
				<string>YES</string>
				<key>CLANG_WARN_CONSTANT_CONVERSION</key>
				<string>YES</string>
				<key>CLANG_WARN_DIRECT_OBJC_ISA_USAGE</key>
				<string>YES_ERROR</string>
				<key>CLANG_WARN_EMPTY_BODY</key>
				<string>YES</string>
				<key>CLANG_WARN_ENUM_CONVERSION</key>
				<string>YES</string>
				<key>CLANG_WARN_INT_CONVERSION</key>
				<string>YES</string>
				<key>CLANG_WARN_OBJC_ROOT_CLASS</key>
				<string>YES_ERROR</string>
				<key>CLANG_WARN_UNREACHABLE_CODE</key>
				<string>YES</string>
				<key>CLANG_WARN__DUPLICATE_METHOD_MATCH</key>
				<string>YES</string>
				<key>CODE_SIGN_IDENTITY[sdk=iphoneos*]</key>
				<string>iPhone Developer</string>
				<key>COPY_PHASE_STRIP</key>
				<string>NO</string>
				<key>ENABLE_STRICT_OBJC_MSGSEND</key>
				<string>YES</string>
				<key>GCC_C_LANGUAGE_STANDARD</key>
				<string>gnu99</string>
				<key>GCC_DYNAMIC_NO_PIC</key>
				<string>NO</string>
				<key>GCC_OPTIMIZATION_LEVEL</key>
				<string>0</string>
				<key>GCC_PREPROCESSOR_DEFINITIONS</key>
				<array>
					<string>DEBUG=1</string>
					<string>$(inherited)</string>
				</array>
				<key>GCC_SYMBOLS_PRIVATE_EXTERN</key>
				<string>NO</string>
				<key>GCC_WARN_64_TO_32_BIT_CONVERSION</key>
				<string>YES</string>
				<key>GCC_WARN_ABOUT_RETURN_TYPE</key>
				<string>YES_ERROR</string>
				<key>GCC_WARN_UNDECLARED_SELECTOR</key>
				<string>YES</string>
				<key>GCC_WARN_UNINITIALIZED_AUTOS</key>
				<string>YES_AGGRESSIVE</string>
				<key>GCC_WARN_UNUSED_FUNCTION</key>
				<string>YES</string>
				<key>GCC_WARN_UNUSED_VARIABLE</key>
				<string>YES</string>
				<key>IPHONEOS_DEPLOYMENT_TARGET</key>
				<string>8.2</string>
				<key>MTL_ENABLE_DEBUG_INFO</key>
				<string>YES</string>
				<key>ONLY_ACTIVE_ARCH</key>
				<string>YES</string>
				<key>SDKROOT</key>
				<string>iphoneos</string>
				<key>TARGETED_DEVICE_FAMILY</key>
				<string>1,2</string>
			</dict>
			<key>isa</key>
			<string>XCBuildConfiguration</string>
			<key>name</key>
			<string>Debug</string>
		</dict>
		<key>FA285AC91ABE46EB004E9036</key>
		<dict>
			<key>buildSettings</key>
			<dict>
				<key>ALWAYS_SEARCH_USER_PATHS</key>
				<string>NO</string>
				<key>CLANG_CXX_LANGUAGE_STANDARD</key>
				<string>gnu++0x</string>
				<key>CLANG_CXX_LIBRARY</key>
				<string>libc++</string>
				<key>CLANG_ENABLE_MODULES</key>
				<string>YES</string>
				<key>CLANG_ENABLE_OBJC_ARC</key>
				<string>YES</string>
				<key>CLANG_WARN_BOOL_CONVERSION</key>
				<string>YES</string>
				<key>CLANG_WARN_CONSTANT_CONVERSION</key>
				<string>YES</string>
				<key>CLANG_WARN_DIRECT_OBJC_ISA_USAGE</key>
				<string>YES_ERROR</string>
				<key>CLANG_WARN_EMPTY_BODY</key>
				<string>YES</string>
				<key>CLANG_WARN_ENUM_CONVERSION</key>
				<string>YES</string>
				<key>CLANG_WARN_INT_CONVERSION</key>
				<string>YES</string>
				<key>CLANG_WARN_OBJC_ROOT_CLASS</key>
				<string>YES_ERROR</string>
				<key>CLANG_WARN_UNREACHABLE_CODE</key>
				<string>YES</string>
				<key>CLANG_WARN__DUPLICATE_METHOD_MATCH</key>
				<string>YES</string>
				<key>CODE_SIGN_IDENTITY[sdk=iphoneos*]</key>
				<string>iPhone Developer</string>
				<key>COPY_PHASE_STRIP</key>
				<string>NO</string>
				<key>ENABLE_NS_ASSERTIONS</key>
				<string>NO</string>
				<key>ENABLE_STRICT_OBJC_MSGSEND</key>
				<string>YES</string>
				<key>GCC_C_LANGUAGE_STANDARD</key>
				<string>gnu99</string>
				<key>GCC_WARN_64_TO_32_BIT_CONVERSION</key>
				<string>YES</string>
				<key>GCC_WARN_ABOUT_RETURN_TYPE</key>
				<string>YES_ERROR</string>
				<key>GCC_WARN_UNDECLARED_SELECTOR</key>
				<string>YES</string>
				<key>GCC_WARN_UNINITIALIZED_AUTOS</key>
				<string>YES_AGGRESSIVE</string>
				<key>GCC_WARN_UNUSED_FUNCTION</key>
				<string>YES</string>
				<key>GCC_WARN_UNUSED_VARIABLE</key>
				<string>YES</string>
				<key>IPHONEOS_DEPLOYMENT_TARGET</key>
				<string>8.2</string>
				<key>MTL_ENABLE_DEBUG_INFO</key>
				<string>NO</string>
				<key>SDKROOT</key>
				<string>iphoneos</string>
				<key>TARGETED_DEVICE_FAMILY</key>
				<string>1,2</string>
				<key>VALIDATE_PRODUCT</key>
				<string>YES</string>
			</dict>
			<key>isa</key>
			<string>XCBuildConfiguration</string>
			<key>name</key>
			<string>Release</string>
		</dict>
		<key>FA285ACA1ABE46EB004E9036</key>
		<dict>
			<key>buildConfigurations</key>
			<array>
				<string>FA285ACB1ABE46EB004E9036</string>
				<string>FA285ACC1ABE46EB004E9036</string>
			</array>
			<key>defaultConfigurationIsVisible</key>
			<string>0</string>
			<key>isa</key>
			<string>XCConfigurationList</string>
		</dict>
		<key>FA285ACB1ABE46EB004E9036</key>
		<dict>
			<key>baseConfigurationReference</key>
			<string>B0A795210653DC2A57318019</string>
			<key>buildSettings</key>
			<dict>
				<key>ASSETCATALOG_COMPILER_APPICON_NAME</key>
				<string>AppIcon</string>
				<key>INFOPLIST_FILE</key>
				<string>echo-stress-test/Info.plist</string>
				<key>IPHONEOS_DEPLOYMENT_TARGET</key>
				<string>7.0</string>
				<key>LD_RUNPATH_SEARCH_PATHS</key>
				<string>$(inherited) @executable_path/Frameworks</string>
				<key>PRODUCT_NAME</key>
				<string>$(TARGET_NAME)</string>
			</dict>
			<key>isa</key>
			<string>XCBuildConfiguration</string>
			<key>name</key>
			<string>Debug</string>
		</dict>
		<key>FA285ACC1ABE46EB004E9036</key>
		<dict>
			<key>baseConfigurationReference</key>
			<string>A9FCA56FABE39C3EEBA49E7A</string>
			<key>buildSettings</key>
			<dict>
				<key>ASSETCATALOG_COMPILER_APPICON_NAME</key>
				<string>AppIcon</string>
				<key>INFOPLIST_FILE</key>
				<string>echo-stress-test/Info.plist</string>
				<key>IPHONEOS_DEPLOYMENT_TARGET</key>
				<string>7.0</string>
				<key>LD_RUNPATH_SEARCH_PATHS</key>
				<string>$(inherited) @executable_path/Frameworks</string>
				<key>PRODUCT_NAME</key>
				<string>$(TARGET_NAME)</string>
			</dict>
			<key>isa</key>
			<string>XCBuildConfiguration</string>
			<key>name</key>
			<string>Release</string>
		</dict>
		<key>FA285ACD1ABE46EB004E9036</key>
		<dict>
			<key>buildConfigurations</key>
			<array>
				<string>FA285ACE1ABE46EB004E9036</string>
				<string>FA285ACF1ABE46EB004E9036</string>
			</array>
			<key>defaultConfigurationIsVisible</key>
			<string>0</string>
			<key>isa</key>
			<string>XCConfigurationList</string>
		</dict>
		<key>FA285ACE1ABE46EB004E9036</key>
		<dict>
			<key>buildSettings</key>
			<dict>
				<key>BUNDLE_LOADER</key>
				<string>$(TEST_HOST)</string>
				<key>FRAMEWORK_SEARCH_PATHS</key>
				<array>
					<string>$(SDKROOT)/Developer/Library/Frameworks</string>
					<string>$(inherited)</string>
				</array>
				<key>GCC_PREPROCESSOR_DEFINITIONS</key>
				<array>
					<string>DEBUG=1</string>
					<string>$(inherited)</string>
				</array>
				<key>INFOPLIST_FILE</key>
				<string>echo-stress-testTests/Info.plist</string>
				<key>LD_RUNPATH_SEARCH_PATHS</key>
				<string>$(inherited) @executable_path/Frameworks @loader_path/Frameworks</string>
				<key>PRODUCT_NAME</key>
				<string>$(TARGET_NAME)</string>
				<key>TEST_HOST</key>
				<string>$(BUILT_PRODUCTS_DIR)/echo-stress-test.app/echo-stress-test</string>
			</dict>
			<key>isa</key>
			<string>XCBuildConfiguration</string>
			<key>name</key>
			<string>Debug</string>
		</dict>
		<key>FA285ACF1ABE46EB004E9036</key>
		<dict>
			<key>buildSettings</key>
			<dict>
				<key>BUNDLE_LOADER</key>
				<string>$(TEST_HOST)</string>
				<key>FRAMEWORK_SEARCH_PATHS</key>
				<array>
					<string>$(SDKROOT)/Developer/Library/Frameworks</string>
					<string>$(inherited)</string>
				</array>
				<key>INFOPLIST_FILE</key>
				<string>echo-stress-testTests/Info.plist</string>
				<key>LD_RUNPATH_SEARCH_PATHS</key>
				<string>$(inherited) @executable_path/Frameworks @loader_path/Frameworks</string>
				<key>PRODUCT_NAME</key>
				<string>$(TARGET_NAME)</string>
				<key>TEST_HOST</key>
				<string>$(BUILT_PRODUCTS_DIR)/echo-stress-test.app/echo-stress-test</string>
			</dict>
			<key>isa</key>
			<string>XCBuildConfiguration</string>
			<key>name</key>
			<string>Release</string>
		</dict>
		<key>FCC65AEB5C95A6E58AE44505</key>
		<dict>
			<key>explicitFileType</key>
			<string>archive.ar</string>
			<key>includeInIndex</key>
			<string>0</string>
			<key>isa</key>
			<string>PBXFileReference</string>
			<key>path</key>
			<string>libPods.a</string>
			<key>sourceTree</key>
			<string>BUILT_PRODUCTS_DIR</string>
		</dict>
	</dict>
	<key>rootObject</key>
	<string>FA285A9F1ABE46EB004E9036</string>
</dict>
</plist>
